
Microsoft Visual Studio Solution File, Format Version 12.00
# Visual Studio Version 17
VisualStudioVersion = 17.6.33801.468
MinimumVisualStudioVersion = 10.0.40219.1
Project("{9A19103F-16F7-4668-BE54-9A1E7A4F7556}") = "EmployeeManagement", "EmployeeManagement.csproj", "{DE55ABED-62D1-482C-97F9-155555520A57}"
EndProject
Project("{FAE04EC0-301F-11D3-BF4B-00C04F79EFBC}") = "TestProject1", "..\TestProject1\TestProject1.csproj", "{0C98286B-E53E-40C8-BDC9-5FECDDA9BD18}"
EndProject
Global
	GlobalSection(SolutionConfigurationPlatforms) = preSolution
		Debug|Any CPU = Debug|Any CPU
		Release|Any CPU = Release|Any CPU
	EndGlobalSection
	GlobalSection(ProjectConfigurationPlatforms) = postSolution
		{DE55ABED-62D1-482C-97F9-155555520A57}.Debug|Any CPU.ActiveCfg = Debug|Any CPU
		{DE55ABED-62D1-482C-97F9-155555520A57}.Debug|Any CPU.Build.0 = Debug|Any CPU
		{DE55ABED-62D1-482C-97F9-155555520A57}.Release|Any CPU.ActiveCfg = Release|Any CPU
		{DE55ABED-62D1-482C-97F9-155555520A57}.Release|Any CPU.Build.0 = Release|Any CPU
		{0C98286B-E53E-40C8-BDC9-5FECDDA9BD18}.Debug|Any CPU.ActiveCfg = Debug|Any CPU
		{0C98286B-E53E-40C8-BDC9-5FECDDA9BD18}.Debug|Any CPU.Build.0 = Debug|Any CPU
		{0C98286B-E53E-40C8-BDC9-5FECDDA9BD18}.Release|Any CPU.ActiveCfg = Release|Any CPU
		{0C98286B-E53E-40C8-BDC9-5FECDDA9BD18}.Release|Any CPU.Build.0 = Release|Any CPU
	EndGlobalSection
	GlobalSection(SolutionProperties) = preSolution
		HideSolutionNode = FALSE
	EndGlobalSection
	GlobalSection(ExtensibilityGlobals) = postSolution
		SolutionGuid = {D56706C6-C00D-4E6A-A995-6A7FCAF2D70B}
	EndGlobalSection
EndGlobal
